
Microsoft Visual Studio Solution File, Format Version 12.00
# Visual Studio Version 17
VisualStudioVersion = 17.10.34916.146
MinimumVisualStudioVersion = 10.0.40219.1
Project("{9A19103F-16F7-4668-BE54-9A1E7A4F7556}") = "CompanyEmployeeOnion", "CompanyEmployeeOnion\CompanyEmployeeOnion.csproj", "{EAA66FAD-2A29-4DFB-9C31-12E2D444C5A4}"
EndProject
Project("{2150E333-8FDC-42A3-9474-1A3956D46DE8}") = "Infrastructure", "Infrastructure", "{D79BF4F4-1F19-4D6F-84AC-DA7AC7B249F0}"
EndProject
Project("{9A19103F-16F7-4668-BE54-9A1E7A4F7556}") = "Domain", "Domain\Domain.csproj", "{636E754D-A2FB-4F0A-9496-9170D08B2E7B}"
EndProject
Project("{9A19103F-16F7-4668-BE54-9A1E7A4F7556}") = "Services", "Services\Services.csproj", "{BB4FB139-2A21-4C92-BCE7-B78B7C6194D7}"
EndProject
Project("{9A19103F-16F7-4668-BE54-9A1E7A4F7556}") = "Database", "Database\Database.csproj", "{DC8AC61E-5364-4BB1-9CEC-65A0D91AD96C}"
EndProject
Project("{9A19103F-16F7-4668-BE54-9A1E7A4F7556}") = "Presentation", "Presentation\Presentation.csproj", "{F8C11AB6-4272-4CAB-966F-41D00AFA2301}"
EndProject
Global
	GlobalSection(SolutionConfigurationPlatforms) = preSolution
		Debug|Any CPU = Debug|Any CPU
		Release|Any CPU = Release|Any CPU
	EndGlobalSection
	GlobalSection(ProjectConfigurationPlatforms) = postSolution
		{EAA66FAD-2A29-4DFB-9C31-12E2D444C5A4}.Debug|Any CPU.ActiveCfg = Debug|Any CPU
		{EAA66FAD-2A29-4DFB-9C31-12E2D444C5A4}.Debug|Any CPU.Build.0 = Debug|Any CPU
		{EAA66FAD-2A29-4DFB-9C31-12E2D444C5A4}.Release|Any CPU.ActiveCfg = Release|Any CPU
		{EAA66FAD-2A29-4DFB-9C31-12E2D444C5A4}.Release|Any CPU.Build.0 = Release|Any CPU
		{636E754D-A2FB-4F0A-9496-9170D08B2E7B}.Debug|Any CPU.ActiveCfg = Debug|Any CPU
		{636E754D-A2FB-4F0A-9496-9170D08B2E7B}.Debug|Any CPU.Build.0 = Debug|Any CPU
		{636E754D-A2FB-4F0A-9496-9170D08B2E7B}.Release|Any CPU.ActiveCfg = Release|Any CPU
		{636E754D-A2FB-4F0A-9496-9170D08B2E7B}.Release|Any CPU.Build.0 = Release|Any CPU
		{BB4FB139-2A21-4C92-BCE7-B78B7C6194D7}.Debug|Any CPU.ActiveCfg = Debug|Any CPU
		{BB4FB139-2A21-4C92-BCE7-B78B7C6194D7}.Debug|Any CPU.Build.0 = Debug|Any CPU
		{BB4FB139-2A21-4C92-BCE7-B78B7C6194D7}.Release|Any CPU.ActiveCfg = Release|Any CPU
		{BB4FB139-2A21-4C92-BCE7-B78B7C6194D7}.Release|Any CPU.Build.0 = Release|Any CPU
		{DC8AC61E-5364-4BB1-9CEC-65A0D91AD96C}.Debug|Any CPU.ActiveCfg = Debug|Any CPU
		{DC8AC61E-5364-4BB1-9CEC-65A0D91AD96C}.Debug|Any CPU.Build.0 = Debug|Any CPU
		{DC8AC61E-5364-4BB1-9CEC-65A0D91AD96C}.Release|Any CPU.ActiveCfg = Release|Any CPU
		{DC8AC61E-5364-4BB1-9CEC-65A0D91AD96C}.Release|Any CPU.Build.0 = Release|Any CPU
		{F8C11AB6-4272-4CAB-966F-41D00AFA2301}.Debug|Any CPU.ActiveCfg = Debug|Any CPU
		{F8C11AB6-4272-4CAB-966F-41D00AFA2301}.Debug|Any CPU.Build.0 = Debug|Any CPU
		{F8C11AB6-4272-4CAB-966F-41D00AFA2301}.Release|Any CPU.ActiveCfg = Release|Any CPU
		{F8C11AB6-4272-4CAB-966F-41D00AFA2301}.Release|Any CPU.Build.0 = Release|Any CPU
	EndGlobalSection
	GlobalSection(SolutionProperties) = preSolution
		HideSolutionNode = FALSE
	EndGlobalSection
	GlobalSection(NestedProjects) = preSolution
		{DC8AC61E-5364-4BB1-9CEC-65A0D91AD96C} = {D79BF4F4-1F19-4D6F-84AC-DA7AC7B249F0}
		{F8C11AB6-4272-4CAB-966F-41D00AFA2301} = {D79BF4F4-1F19-4D6F-84AC-DA7AC7B249F0}
	EndGlobalSection
	GlobalSection(ExtensibilityGlobals) = postSolution
		SolutionGuid = {8B8F021F-43BE-4377-A5B4-D45322270809}
	EndGlobalSection
EndGlobal
